
Microsoft Visual Studio Solution File, Format Version 12.00
# Visual Studio Version 17
VisualStudioVersion = 17.0.32112.339
MinimumVisualStudioVersion = 10.0.40219.1
Project("{9A19103F-16F7-4668-BE54-9A1E7A4F7556}") = "ConsoleApp_Day1", "ConsoleApp_Day1\ConsoleApp_Day1.csproj", "{1AEA8EFA-7E78-4290-B88B-378CD9BEDD2B}"
EndProject
Project("{2150E333-8FDC-42A3-9474-1A3956D46DE8}") = "Day1", "Day1", "{6BE1D95E-9FFD-4DEE-BBBE-045E71305BC5}"
EndProject
Project("{FAE04EC0-301F-11D3-BF4B-00C04F79EFBC}") = "WcfServiceLibrary1", "WcfServiceLibrary1\WcfServiceLibrary1.csproj", "{90A577E6-E4AA-41B6-B9EE-A4C5426F3BC0}"
EndProject
Project("{E24C65DC-7377-472B-9ABA-BC803B73C61A}") = "WCFService", "WCFService\", "{94803FF5-5818-4000-B292-45F7BF96B336}"
	ProjectSection(WebsiteProperties) = preProject
		TargetFrameworkMoniker = ".NETFramework,Version%3Dv4.7.2"
		Debug.AspNetCompiler.VirtualPath = "/localhost_54181"
		Debug.AspNetCompiler.PhysicalPath = "WCFService\"
		Debug.AspNetCompiler.TargetPath = "PrecompiledWeb\localhost_54181\"
		Debug.AspNetCompiler.Updateable = "true"
		Debug.AspNetCompiler.ForceOverwrite = "true"
		Debug.AspNetCompiler.FixedNames = "false"
		Debug.AspNetCompiler.Debug = "True"
		Release.AspNetCompiler.VirtualPath = "/localhost_54181"
		Release.AspNetCompiler.PhysicalPath = "WCFService\"
		Release.AspNetCompiler.TargetPath = "PrecompiledWeb\localhost_54181\"
		Release.AspNetCompiler.Updateable = "true"
		Release.AspNetCompiler.ForceOverwrite = "true"
		Release.AspNetCompiler.FixedNames = "false"
		Release.AspNetCompiler.Debug = "False"
		VWDPort = "54181"
		SlnRelativePath = "WCFService\"
		DefaultWebSiteLanguage = "Visual C#"
	EndProjectSection
EndProject
Project("{2150E333-8FDC-42A3-9474-1A3956D46DE8}") = "Day2", "Day2", "{C9600805-3EB5-4362-A13A-8BE4F3E48A61}"
EndProject
Project("{9A19103F-16F7-4668-BE54-9A1E7A4F7556}") = "ClassLibrary_Core", "ClassLibrary_Core\ClassLibrary_Core.csproj", "{2B669D19-5484-4E0E-8C7F-546887B3E57F}"
EndProject
Project("{9A19103F-16F7-4668-BE54-9A1E7A4F7556}") = "ClassLibrary_Mock", "ClassLibrary_Mock\ClassLibrary_Mock.csproj", "{38BAE349-EF8C-44E0-A919-82A54B78FA64}"
EndProject
Project("{9A19103F-16F7-4668-BE54-9A1E7A4F7556}") = "ConsoleApp_Client", "ConsoleApp_Client\ConsoleApp_Client.csproj", "{830C820C-1285-4039-A209-7882CA6A6FAA}"
EndProject
Project("{FAE04EC0-301F-11D3-BF4B-00C04F79EFBC}") = "ConsoleApp_Wcf", "ConsoleApp_Wcf\ConsoleApp_Wcf.csproj", "{F5B5F0E7-EBBF-4585-9B47-A4533EA2C112}"
EndProject
Project("{2150E333-8FDC-42A3-9474-1A3956D46DE8}") = "EsercitazioneBiblioteca", "EsercitazioneBiblioteca", "{7F636D0B-771B-4D5B-B4E2-6490E481A844}"
EndProject
Project("{FAE04EC0-301F-11D3-BF4B-00C04F79EFBC}") = "ServiceHost_Biblioteca", "ServiceHost_Biblioteca\ServiceHost_Biblioteca.csproj", "{B43954E1-3126-4B83-B386-727DA12D442C}"
EndProject
Project("{FAE04EC0-301F-11D3-BF4B-00C04F79EFBC}") = "WcfServiceLibrary_Biblioteca", "WcfServiceLibrary_Biblioteca\WcfServiceLibrary_Biblioteca.csproj", "{32E4D854-E726-4804-B7CD-09CA72125BDC}"
EndProject
Project("{9A19103F-16F7-4668-BE54-9A1E7A4F7556}") = "ConsoleApp_Biblioteca_Client", "ConsoleApp_Biblioteca_Client\ConsoleApp_Biblioteca_Client.csproj", "{E1E7CF7E-86B0-4BD7-AB90-58AF7AB88EAF}"
EndProject
Project("{9A19103F-16F7-4668-BE54-9A1E7A4F7556}") = "ClassLibrary_Biblioteca_Core", "ClassLibrary_Biblioteca_Core\ClassLibrary_Biblioteca_Core.csproj", "{E20B7ED4-7A39-42CC-8F03-48F0E15EDA56}"
EndProject
Project("{9A19103F-16F7-4668-BE54-9A1E7A4F7556}") = "ClassLibrary_Biblioteca_Mock", "ClassLibrary_Biblioteca_Mock\ClassLibrary_Biblioteca_Mock.csproj", "{21D32E47-C9BB-4E59-B360-53745BB58492}"
EndProject
Project("{2150E333-8FDC-42A3-9474-1A3956D46DE8}") = "Day3", "Day3", "{0C4BBF87-14F2-40AA-9172-E6A1BF96F446}"
EndProject
Project("{9A19103F-16F7-4668-BE54-9A1E7A4F7556}") = "ASP.NET_CoreWebAPI", "ASP.NET_CoreWebAPI\ASP.NET_CoreWebAPI.csproj", "{E475BFED-435E-4E3E-9301-7497027B6630}"
EndProject
Project("{2150E333-8FDC-42A3-9474-1A3956D46DE8}") = "EsercitazioneGestioneOrdini", "EsercitazioneGestioneOrdini", "{FD553317-00C4-496A-8289-D5272FC806D5}"
EndProject
Project("{9A19103F-16F7-4668-BE54-9A1E7A4F7556}") = "GestioneOrdini_EF", "GestioneOrdini_EF\GestioneOrdini_EF.csproj", "{F21D87C2-26B0-425A-9174-2B8374A772F2}"
EndProject
Project("{9A19103F-16F7-4668-BE54-9A1E7A4F7556}") = "GestioneOrdini_CORE", "GestioneOrdini_CORE\GestioneOrdini_CORE.csproj", "{3B639D11-1436-4844-81B4-65EFB388BF08}"
EndProject
Project("{FAE04EC0-301F-11D3-BF4B-00C04F79EFBC}") = "GestioneOrdini_WCFService", "GestioneOrdini_WCFService\GestioneOrdini_WCFService.csproj", "{FECBAA4F-5E1E-46B7-91E7-7502380534DB}"
EndProject
Project("{9A19103F-16F7-4668-BE54-9A1E7A4F7556}") = "GestioneOrdini_CLIENT", "GestioneOrdini_CLIENT\GestioneOrdini_CLIENT.csproj", "{1B17488E-0F40-4F7A-821B-DD90D9533E89}"
EndProject
Project("{FAE04EC0-301F-11D3-BF4B-00C04F79EFBC}") = "GestioneOrdini_ServiceHost_WCF", "GestioneOrdini_ServiceHost_WCF\GestioneOrdini_ServiceHost_WCF.csproj", "{86259AD7-BF08-454E-A2FC-744C37DEDBA6}"
EndProject
Project("{2150E333-8FDC-42A3-9474-1A3956D46DE8}") = "Day4", "Day4", "{24A33BE7-D1F7-492C-876D-BD36F3DC81FD}"
EndProject
Project("{9A19103F-16F7-4668-BE54-9A1E7A4F7556}") = "REST_Web_API", "REST_Web_API\REST_Web_API.csproj", "{811C1663-E9B5-4CDB-997E-EC2DD7EAAFE0}"
EndProject
Project("{2150E333-8FDC-42A3-9474-1A3956D46DE8}") = "EsercitazioneFinale", "EsercitazioneFinale", "{422F2EB7-49FA-44C5-97C0-A1F4F87B4ACF}"
EndProject
Project("{9A19103F-16F7-4668-BE54-9A1E7A4F7556}") = "GestioneOrdini_Mock", "GestioneOrdini_Mock\GestioneOrdini_Mock.csproj", "{B772183A-0FEC-4414-BDDB-7282638B15C3}"
EndProject
Project("{9A19103F-16F7-4668-BE54-9A1E7A4F7556}") = "GestioneOrdini_WEB_API.NET", "GestioneOrdini_WEB_API.NET\GestioneOrdini_WEB_API.NET.csproj", "{0C776217-B01E-4934-BE9B-070B049339B7}"
EndProject
Project("{FAE04EC0-301F-11D3-BF4B-00C04F79EFBC}") = "Biblioteca_ClientHttp", "Biblioteca_ClientHttp\Biblioteca_ClientHttp.csproj", "{4B7FDBBF-FCC8-4355-8983-EF5158ADF8ED}"
EndProject
Global
	GlobalSection(SolutionConfigurationPlatforms) = preSolution
		Debug|Any CPU = Debug|Any CPU
		Release|Any CPU = Release|Any CPU
	EndGlobalSection
	GlobalSection(ProjectConfigurationPlatforms) = postSolution
		{1AEA8EFA-7E78-4290-B88B-378CD9BEDD2B}.Debug|Any CPU.ActiveCfg = Debug|Any CPU
		{1AEA8EFA-7E78-4290-B88B-378CD9BEDD2B}.Debug|Any CPU.Build.0 = Debug|Any CPU
		{1AEA8EFA-7E78-4290-B88B-378CD9BEDD2B}.Release|Any CPU.ActiveCfg = Release|Any CPU
		{1AEA8EFA-7E78-4290-B88B-378CD9BEDD2B}.Release|Any CPU.Build.0 = Release|Any CPU
		{90A577E6-E4AA-41B6-B9EE-A4C5426F3BC0}.Debug|Any CPU.ActiveCfg = Debug|Any CPU
		{90A577E6-E4AA-41B6-B9EE-A4C5426F3BC0}.Debug|Any CPU.Build.0 = Debug|Any CPU
		{90A577E6-E4AA-41B6-B9EE-A4C5426F3BC0}.Release|Any CPU.ActiveCfg = Release|Any CPU
		{90A577E6-E4AA-41B6-B9EE-A4C5426F3BC0}.Release|Any CPU.Build.0 = Release|Any CPU
		{94803FF5-5818-4000-B292-45F7BF96B336}.Debug|Any CPU.ActiveCfg = Debug|Any CPU
		{94803FF5-5818-4000-B292-45F7BF96B336}.Debug|Any CPU.Build.0 = Debug|Any CPU
		{94803FF5-5818-4000-B292-45F7BF96B336}.Release|Any CPU.ActiveCfg = Debug|Any CPU
		{94803FF5-5818-4000-B292-45F7BF96B336}.Release|Any CPU.Build.0 = Debug|Any CPU
		{2B669D19-5484-4E0E-8C7F-546887B3E57F}.Debug|Any CPU.ActiveCfg = Debug|Any CPU
		{2B669D19-5484-4E0E-8C7F-546887B3E57F}.Debug|Any CPU.Build.0 = Debug|Any CPU
		{2B669D19-5484-4E0E-8C7F-546887B3E57F}.Release|Any CPU.ActiveCfg = Release|Any CPU
		{2B669D19-5484-4E0E-8C7F-546887B3E57F}.Release|Any CPU.Build.0 = Release|Any CPU
		{38BAE349-EF8C-44E0-A919-82A54B78FA64}.Debug|Any CPU.ActiveCfg = Debug|Any CPU
		{38BAE349-EF8C-44E0-A919-82A54B78FA64}.Debug|Any CPU.Build.0 = Debug|Any CPU
		{38BAE349-EF8C-44E0-A919-82A54B78FA64}.Release|Any CPU.ActiveCfg = Release|Any CPU
		{38BAE349-EF8C-44E0-A919-82A54B78FA64}.Release|Any CPU.Build.0 = Release|Any CPU
		{830C820C-1285-4039-A209-7882CA6A6FAA}.Debug|Any CPU.ActiveCfg = Debug|Any CPU
		{830C820C-1285-4039-A209-7882CA6A6FAA}.Debug|Any CPU.Build.0 = Debug|Any CPU
		{830C820C-1285-4039-A209-7882CA6A6FAA}.Release|Any CPU.ActiveCfg = Release|Any CPU
		{830C820C-1285-4039-A209-7882CA6A6FAA}.Release|Any CPU.Build.0 = Release|Any CPU
		{F5B5F0E7-EBBF-4585-9B47-A4533EA2C112}.Debug|Any CPU.ActiveCfg = Debug|Any CPU
		{F5B5F0E7-EBBF-4585-9B47-A4533EA2C112}.Debug|Any CPU.Build.0 = Debug|Any CPU
		{F5B5F0E7-EBBF-4585-9B47-A4533EA2C112}.Release|Any CPU.ActiveCfg = Release|Any CPU
		{F5B5F0E7-EBBF-4585-9B47-A4533EA2C112}.Release|Any CPU.Build.0 = Release|Any CPU
		{B43954E1-3126-4B83-B386-727DA12D442C}.Debug|Any CPU.ActiveCfg = Debug|Any CPU
		{B43954E1-3126-4B83-B386-727DA12D442C}.Debug|Any CPU.Build.0 = Debug|Any CPU
		{B43954E1-3126-4B83-B386-727DA12D442C}.Release|Any CPU.ActiveCfg = Release|Any CPU
		{B43954E1-3126-4B83-B386-727DA12D442C}.Release|Any CPU.Build.0 = Release|Any CPU
		{32E4D854-E726-4804-B7CD-09CA72125BDC}.Debug|Any CPU.ActiveCfg = Debug|Any CPU
		{32E4D854-E726-4804-B7CD-09CA72125BDC}.Debug|Any CPU.Build.0 = Debug|Any CPU
		{32E4D854-E726-4804-B7CD-09CA72125BDC}.Release|Any CPU.ActiveCfg = Release|Any CPU
		{32E4D854-E726-4804-B7CD-09CA72125BDC}.Release|Any CPU.Build.0 = Release|Any CPU
		{E1E7CF7E-86B0-4BD7-AB90-58AF7AB88EAF}.Debug|Any CPU.ActiveCfg = Debug|Any CPU
		{E1E7CF7E-86B0-4BD7-AB90-58AF7AB88EAF}.Debug|Any CPU.Build.0 = Debug|Any CPU
		{E1E7CF7E-86B0-4BD7-AB90-58AF7AB88EAF}.Release|Any CPU.ActiveCfg = Release|Any CPU
		{E1E7CF7E-86B0-4BD7-AB90-58AF7AB88EAF}.Release|Any CPU.Build.0 = Release|Any CPU
		{E20B7ED4-7A39-42CC-8F03-48F0E15EDA56}.Debug|Any CPU.ActiveCfg = Debug|Any CPU
		{E20B7ED4-7A39-42CC-8F03-48F0E15EDA56}.Debug|Any CPU.Build.0 = Debug|Any CPU
		{E20B7ED4-7A39-42CC-8F03-48F0E15EDA56}.Release|Any CPU.ActiveCfg = Release|Any CPU
		{E20B7ED4-7A39-42CC-8F03-48F0E15EDA56}.Release|Any CPU.Build.0 = Release|Any CPU
		{21D32E47-C9BB-4E59-B360-53745BB58492}.Debug|Any CPU.ActiveCfg = Debug|Any CPU
		{21D32E47-C9BB-4E59-B360-53745BB58492}.Debug|Any CPU.Build.0 = Debug|Any CPU
		{21D32E47-C9BB-4E59-B360-53745BB58492}.Release|Any CPU.ActiveCfg = Release|Any CPU
		{21D32E47-C9BB-4E59-B360-53745BB58492}.Release|Any CPU.Build.0 = Release|Any CPU
		{E475BFED-435E-4E3E-9301-7497027B6630}.Debug|Any CPU.ActiveCfg = Debug|Any CPU
		{E475BFED-435E-4E3E-9301-7497027B6630}.Debug|Any CPU.Build.0 = Debug|Any CPU
		{E475BFED-435E-4E3E-9301-7497027B6630}.Release|Any CPU.ActiveCfg = Release|Any CPU
		{E475BFED-435E-4E3E-9301-7497027B6630}.Release|Any CPU.Build.0 = Release|Any CPU
		{F21D87C2-26B0-425A-9174-2B8374A772F2}.Debug|Any CPU.ActiveCfg = Debug|Any CPU
		{F21D87C2-26B0-425A-9174-2B8374A772F2}.Debug|Any CPU.Build.0 = Debug|Any CPU
		{F21D87C2-26B0-425A-9174-2B8374A772F2}.Release|Any CPU.ActiveCfg = Release|Any CPU
		{F21D87C2-26B0-425A-9174-2B8374A772F2}.Release|Any CPU.Build.0 = Release|Any CPU
		{3B639D11-1436-4844-81B4-65EFB388BF08}.Debug|Any CPU.ActiveCfg = Debug|Any CPU
		{3B639D11-1436-4844-81B4-65EFB388BF08}.Debug|Any CPU.Build.0 = Debug|Any CPU
		{3B639D11-1436-4844-81B4-65EFB388BF08}.Release|Any CPU.ActiveCfg = Release|Any CPU
		{3B639D11-1436-4844-81B4-65EFB388BF08}.Release|Any CPU.Build.0 = Release|Any CPU
		{FECBAA4F-5E1E-46B7-91E7-7502380534DB}.Debug|Any CPU.ActiveCfg = Debug|Any CPU
		{FECBAA4F-5E1E-46B7-91E7-7502380534DB}.Debug|Any CPU.Build.0 = Debug|Any CPU
		{FECBAA4F-5E1E-46B7-91E7-7502380534DB}.Release|Any CPU.ActiveCfg = Release|Any CPU
		{FECBAA4F-5E1E-46B7-91E7-7502380534DB}.Release|Any CPU.Build.0 = Release|Any CPU
		{1B17488E-0F40-4F7A-821B-DD90D9533E89}.Debug|Any CPU.ActiveCfg = Debug|Any CPU
		{1B17488E-0F40-4F7A-821B-DD90D9533E89}.Debug|Any CPU.Build.0 = Debug|Any CPU
		{1B17488E-0F40-4F7A-821B-DD90D9533E89}.Release|Any CPU.ActiveCfg = Release|Any CPU
		{1B17488E-0F40-4F7A-821B-DD90D9533E89}.Release|Any CPU.Build.0 = Release|Any CPU
		{86259AD7-BF08-454E-A2FC-744C37DEDBA6}.Debug|Any CPU.ActiveCfg = Debug|Any CPU
		{86259AD7-BF08-454E-A2FC-744C37DEDBA6}.Debug|Any CPU.Build.0 = Debug|Any CPU
		{86259AD7-BF08-454E-A2FC-744C37DEDBA6}.Release|Any CPU.ActiveCfg = Release|Any CPU
		{86259AD7-BF08-454E-A2FC-744C37DEDBA6}.Release|Any CPU.Build.0 = Release|Any CPU
		{811C1663-E9B5-4CDB-997E-EC2DD7EAAFE0}.Debug|Any CPU.ActiveCfg = Debug|Any CPU
		{811C1663-E9B5-4CDB-997E-EC2DD7EAAFE0}.Debug|Any CPU.Build.0 = Debug|Any CPU
		{811C1663-E9B5-4CDB-997E-EC2DD7EAAFE0}.Release|Any CPU.ActiveCfg = Release|Any CPU
		{811C1663-E9B5-4CDB-997E-EC2DD7EAAFE0}.Release|Any CPU.Build.0 = Release|Any CPU
		{B772183A-0FEC-4414-BDDB-7282638B15C3}.Debug|Any CPU.ActiveCfg = Debug|Any CPU
		{B772183A-0FEC-4414-BDDB-7282638B15C3}.Debug|Any CPU.Build.0 = Debug|Any CPU
		{B772183A-0FEC-4414-BDDB-7282638B15C3}.Release|Any CPU.ActiveCfg = Release|Any CPU
		{B772183A-0FEC-4414-BDDB-7282638B15C3}.Release|Any CPU.Build.0 = Release|Any CPU
		{0C776217-B01E-4934-BE9B-070B049339B7}.Debug|Any CPU.ActiveCfg = Debug|Any CPU
		{0C776217-B01E-4934-BE9B-070B049339B7}.Debug|Any CPU.Build.0 = Debug|Any CPU
		{0C776217-B01E-4934-BE9B-070B049339B7}.Release|Any CPU.ActiveCfg = Release|Any CPU
		{0C776217-B01E-4934-BE9B-070B049339B7}.Release|Any CPU.Build.0 = Release|Any CPU
		{4B7FDBBF-FCC8-4355-8983-EF5158ADF8ED}.Debug|Any CPU.ActiveCfg = Debug|Any CPU
		{4B7FDBBF-FCC8-4355-8983-EF5158ADF8ED}.Debug|Any CPU.Build.0 = Debug|Any CPU
		{4B7FDBBF-FCC8-4355-8983-EF5158ADF8ED}.Release|Any CPU.ActiveCfg = Release|Any CPU
		{4B7FDBBF-FCC8-4355-8983-EF5158ADF8ED}.Release|Any CPU.Build.0 = Release|Any CPU
	EndGlobalSection
	GlobalSection(SolutionProperties) = preSolution
		HideSolutionNode = FALSE
	EndGlobalSection
	GlobalSection(NestedProjects) = preSolution
		{1AEA8EFA-7E78-4290-B88B-378CD9BEDD2B} = {6BE1D95E-9FFD-4DEE-BBBE-045E71305BC5}
		{90A577E6-E4AA-41B6-B9EE-A4C5426F3BC0} = {6BE1D95E-9FFD-4DEE-BBBE-045E71305BC5}
		{94803FF5-5818-4000-B292-45F7BF96B336} = {6BE1D95E-9FFD-4DEE-BBBE-045E71305BC5}
		{2B669D19-5484-4E0E-8C7F-546887B3E57F} = {C9600805-3EB5-4362-A13A-8BE4F3E48A61}
		{38BAE349-EF8C-44E0-A919-82A54B78FA64} = {C9600805-3EB5-4362-A13A-8BE4F3E48A61}
		{830C820C-1285-4039-A209-7882CA6A6FAA} = {C9600805-3EB5-4362-A13A-8BE4F3E48A61}
		{F5B5F0E7-EBBF-4585-9B47-A4533EA2C112} = {6BE1D95E-9FFD-4DEE-BBBE-045E71305BC5}
		{7F636D0B-771B-4D5B-B4E2-6490E481A844} = {C9600805-3EB5-4362-A13A-8BE4F3E48A61}
		{B43954E1-3126-4B83-B386-727DA12D442C} = {7F636D0B-771B-4D5B-B4E2-6490E481A844}
		{32E4D854-E726-4804-B7CD-09CA72125BDC} = {7F636D0B-771B-4D5B-B4E2-6490E481A844}
		{E1E7CF7E-86B0-4BD7-AB90-58AF7AB88EAF} = {7F636D0B-771B-4D5B-B4E2-6490E481A844}
		{E20B7ED4-7A39-42CC-8F03-48F0E15EDA56} = {7F636D0B-771B-4D5B-B4E2-6490E481A844}
		{21D32E47-C9BB-4E59-B360-53745BB58492} = {7F636D0B-771B-4D5B-B4E2-6490E481A844}
		{E475BFED-435E-4E3E-9301-7497027B6630} = {0C4BBF87-14F2-40AA-9172-E6A1BF96F446}
		{FD553317-00C4-496A-8289-D5272FC806D5} = {422F2EB7-49FA-44C5-97C0-A1F4F87B4ACF}
		{F21D87C2-26B0-425A-9174-2B8374A772F2} = {FD553317-00C4-496A-8289-D5272FC806D5}
		{3B639D11-1436-4844-81B4-65EFB388BF08} = {FD553317-00C4-496A-8289-D5272FC806D5}
		{FECBAA4F-5E1E-46B7-91E7-7502380534DB} = {FD553317-00C4-496A-8289-D5272FC806D5}
		{1B17488E-0F40-4F7A-821B-DD90D9533E89} = {FD553317-00C4-496A-8289-D5272FC806D5}
		{86259AD7-BF08-454E-A2FC-744C37DEDBA6} = {FD553317-00C4-496A-8289-D5272FC806D5}
		{811C1663-E9B5-4CDB-997E-EC2DD7EAAFE0} = {24A33BE7-D1F7-492C-876D-BD36F3DC81FD}
		{B772183A-0FEC-4414-BDDB-7282638B15C3} = {FD553317-00C4-496A-8289-D5272FC806D5}
		{0C776217-B01E-4934-BE9B-070B049339B7} = {FD553317-00C4-496A-8289-D5272FC806D5}
		{4B7FDBBF-FCC8-4355-8983-EF5158ADF8ED} = {7F636D0B-771B-4D5B-B4E2-6490E481A844}
	EndGlobalSection
	GlobalSection(ExtensibilityGlobals) = postSolution
		SolutionGuid = {A168EC37-CD2C-486F-A3C8-5281EB4E74D8}
	EndGlobalSection
EndGlobal
